
Microsoft Visual Studio Solution File, Format Version 12.00
# Visual Studio Version 17
VisualStudioVersion = 17.0.32126.317
MinimumVisualStudioVersion = 10.0.40219.1
Project("{FAE04EC0-301F-11D3-BF4B-00C04F79EFBC}") = "simpleserver", "simpleserver\simpleserver.csproj", "{CD4D15A6-C193-4EC1-B694-06637F5BE208}"
EndProject
Global
	GlobalSection(SolutionConfigurationPlatforms) = preSolution
		Debug|Any CPU = Debug|Any CPU
		Release|Any CPU = Release|Any CPU
	EndGlobalSection
	GlobalSection(ProjectConfigurationPlatforms) = postSolution
		{CD4D15A6-C193-4EC1-B694-06637F5BE208}.Debug|Any CPU.ActiveCfg = Debug|Any CPU
		{CD4D15A6-C193-4EC1-B694-06637F5BE208}.Debug|Any CPU.Build.0 = Debug|Any CPU
		{CD4D15A6-C193-4EC1-B694-06637F5BE208}.Release|Any CPU.ActiveCfg = Release|Any CPU
		{CD4D15A6-C193-4EC1-B694-06637F5BE208}.Release|Any CPU.Build.0 = Release|Any CPU
	EndGlobalSection
	GlobalSection(SolutionProperties) = preSolution
		HideSolutionNode = FALSE
	EndGlobalSection
	GlobalSection(ExtensibilityGlobals) = postSolution
		SolutionGuid = {3914887B-1D8E-40C8-910B-603BF51914AD}
	EndGlobalSection
EndGlobal
