
Microsoft Visual Studio Solution File, Format Version 12.00
# Visual Studio Version 17
VisualStudioVersion = 17.0.32126.317
MinimumVisualStudioVersion = 10.0.40219.1
Project("{9A19103F-16F7-4668-BE54-9A1E7A4F7556}") = "simpleserver", "simpleserver\simpleserver.csproj", "{CD4D15A6-C193-4EC1-B694-06637F5BE208}"
EndProject
Project("{FAE04EC0-301F-11D3-BF4B-00C04F79EFBC}") = "tests", "tests\tests.csproj", "{73E2AA58-D6A2-4216-94A8-9C1610DF8C76}"
EndProject
Project("{2150E333-8FDC-42A3-9474-1A3956D46DE8}") = "Solution Items", "Solution Items", "{FA6EEC6A-0963-4CF5-9C53-7231B5F180AD}"
	ProjectSection(SolutionItems) = preProject
		.editorconfig = .editorconfig
		.gitignore = .gitignore
		LICENSE.txt = LICENSE.txt
		README.md = README.md
	EndProjectSection
EndProject
Global
	GlobalSection(SolutionConfigurationPlatforms) = preSolution
		Debug|Any CPU = Debug|Any CPU
		Release|Any CPU = Release|Any CPU
	EndGlobalSection
	GlobalSection(ProjectConfigurationPlatforms) = postSolution
		{CD4D15A6-C193-4EC1-B694-06637F5BE208}.Debug|Any CPU.ActiveCfg = Debug|Any CPU
		{CD4D15A6-C193-4EC1-B694-06637F5BE208}.Debug|Any CPU.Build.0 = Debug|Any CPU
		{CD4D15A6-C193-4EC1-B694-06637F5BE208}.Release|Any CPU.ActiveCfg = Release|Any CPU
		{CD4D15A6-C193-4EC1-B694-06637F5BE208}.Release|Any CPU.Build.0 = Release|Any CPU
		{73E2AA58-D6A2-4216-94A8-9C1610DF8C76}.Debug|Any CPU.ActiveCfg = Debug|Any CPU
		{73E2AA58-D6A2-4216-94A8-9C1610DF8C76}.Debug|Any CPU.Build.0 = Debug|Any CPU
		{73E2AA58-D6A2-4216-94A8-9C1610DF8C76}.Release|Any CPU.ActiveCfg = Release|Any CPU
		{73E2AA58-D6A2-4216-94A8-9C1610DF8C76}.Release|Any CPU.Build.0 = Release|Any CPU
	EndGlobalSection
	GlobalSection(SolutionProperties) = preSolution
		HideSolutionNode = FALSE
	EndGlobalSection
	GlobalSection(ExtensibilityGlobals) = postSolution
		SolutionGuid = {3914887B-1D8E-40C8-910B-603BF51914AD}
	EndGlobalSection
EndGlobal
